
Microsoft Visual Studio Solution File, Format Version 12.00
# Visual Studio Version 17
VisualStudioVersion = 17.1.32328.378
MinimumVisualStudioVersion = 10.0.40219.1
Project("{FAE04EC0-301F-11D3-BF4B-00C04F79EFBC}") = "Notes", "Notes.csproj", "{0A5348D4-A8CF-44A2-8199-967040F69642}"
EndProject
Global
	GlobalSection(SolutionConfigurationPlatforms) = preSolution
		Debug|Any CPU = Debug|Any CPU
		Release|Any CPU = Release|Any CPU
	EndGlobalSection
	GlobalSection(ProjectConfigurationPlatforms) = postSolution
		{0A5348D4-A8CF-44A2-8199-967040F69642}.Debug|Any CPU.ActiveCfg = Debug|Any CPU
		{0A5348D4-A8CF-44A2-8199-967040F69642}.Debug|Any CPU.Build.0 = Debug|Any CPU
		{0A5348D4-A8CF-44A2-8199-967040F69642}.Release|Any CPU.ActiveCfg = Release|Any CPU
		{0A5348D4-A8CF-44A2-8199-967040F69642}.Release|Any CPU.Build.0 = Release|Any CPU
	EndGlobalSection
	GlobalSection(SolutionProperties) = preSolution
		HideSolutionNode = FALSE
	EndGlobalSection
	GlobalSection(ExtensibilityGlobals) = postSolution
		SolutionGuid = {2247B864-0AED-4FA6-82B1-FF5F5A24F113}
	EndGlobalSection
EndGlobal
